
Microsoft Visual Studio Solution File, Format Version 12.00
# Visual Studio 14
VisualStudioVersion = 14.0.25123.0
MinimumVisualStudioVersion = 10.0.40219.1
Project("{FAE04EC0-301F-11D3-BF4B-00C04F79EFBC}") = "LiskMasterWallet", "LiskMasterWallet\LiskMasterWallet.csproj", "{E1CBA5CF-61DC-4537-90DA-8EBADE74446A}"
EndProject
Project("{2150E333-8FDC-42A3-9474-1A3956D46DE8}") = "Solution Items", "Solution Items", "{14B20706-6AA1-4AE0-A47A-507F81B560C7}"
	ProjectSection(SolutionItems) = preProject
		LICENSE = LICENSE
		Lisk-master-wallet.ico = Lisk-master-wallet.ico
		README.md = README.md
	EndProjectSection
EndProject
Global
	GlobalSection(SolutionConfigurationPlatforms) = preSolution
		Debug|Any CPU = Debug|Any CPU
		Debug|x86 = Debug|x86
		Release|Any CPU = Release|Any CPU
		Release|x86 = Release|x86
	EndGlobalSection
	GlobalSection(ProjectConfigurationPlatforms) = postSolution
		{E1CBA5CF-61DC-4537-90DA-8EBADE74446A}.Debug|Any CPU.ActiveCfg = Debug|Any CPU
		{E1CBA5CF-61DC-4537-90DA-8EBADE74446A}.Debug|Any CPU.Build.0 = Debug|Any CPU
		{E1CBA5CF-61DC-4537-90DA-8EBADE74446A}.Debug|x86.ActiveCfg = Debug|x86
		{E1CBA5CF-61DC-4537-90DA-8EBADE74446A}.Debug|x86.Build.0 = Debug|x86
		{E1CBA5CF-61DC-4537-90DA-8EBADE74446A}.Release|Any CPU.ActiveCfg = Release|Any CPU
		{E1CBA5CF-61DC-4537-90DA-8EBADE74446A}.Release|Any CPU.Build.0 = Release|Any CPU
		{E1CBA5CF-61DC-4537-90DA-8EBADE74446A}.Release|x86.ActiveCfg = Release|x86
		{E1CBA5CF-61DC-4537-90DA-8EBADE74446A}.Release|x86.Build.0 = Release|x86
	EndGlobalSection
	GlobalSection(SolutionProperties) = preSolution
		HideSolutionNode = FALSE
	EndGlobalSection
EndGlobal
